
Microsoft Visual Studio Solution File, Format Version 12.00
# Visual Studio Version 16
VisualStudioVersion = 16.0.30330.147
MinimumVisualStudioVersion = 10.0.40219.1
Project("{FAE04EC0-301F-11D3-BF4B-00C04F79EFBC}") = "Sass Demo", "Sass Demo\Sass Demo.csproj", "{61787993-A3B9-4CCC-8EEF-547EA64E7711}"
EndProject
Global
	GlobalSection(SolutionConfigurationPlatforms) = preSolution
		Debug|Any CPU = Debug|Any CPU
		Release|Any CPU = Release|Any CPU
	EndGlobalSection
	GlobalSection(ProjectConfigurationPlatforms) = postSolution
		{61787993-A3B9-4CCC-8EEF-547EA64E7711}.Debug|Any CPU.ActiveCfg = Debug|Any CPU
		{61787993-A3B9-4CCC-8EEF-547EA64E7711}.Debug|Any CPU.Build.0 = Debug|Any CPU
		{61787993-A3B9-4CCC-8EEF-547EA64E7711}.Release|Any CPU.ActiveCfg = Release|Any CPU
		{61787993-A3B9-4CCC-8EEF-547EA64E7711}.Release|Any CPU.Build.0 = Release|Any CPU
	EndGlobalSection
	GlobalSection(SolutionProperties) = preSolution
		HideSolutionNode = FALSE
	EndGlobalSection
	GlobalSection(ExtensibilityGlobals) = postSolution
		SolutionGuid = {3A9B3331-C13C-49D6-8B94-038676FAB3CC}
	EndGlobalSection
EndGlobal
